PODS:
  - MTDates (0.12.0)
  - MTPocket (2.0.0)

DEPENDENCIES:
  - MTDates (from `libs/MTDates`)
  - MTPocket (from `libs/MTPocket`)

EXTERNAL SOURCES:
  MTDates:
    :path: libs/MTDates
  MTPocket:
    :path: libs/MTPocket

SPEC CHECKSUMS:
  MTDates: addaeccc8f2d3252519424a94badce0488692af9
  MTPocket: 31214f3f160c313718102941a7e7235f087b4f35

COCOAPODS: 0.31.1
